
Microsoft Visual Studio Solution File, Format Version 12.00
# Visual Studio 15
VisualStudioVersion = 15.0.27004.2006
MinimumVisualStudioVersion = 10.0.40219.1
Project("{8BC9CEB8-8B4A-11D0-8D11-00A0C91BC942}") = "Draughts", "Draughts\Draughts.vcxproj", "{D680B10A-6247-4D51-9C7D-1ABB8E240C1A}"
EndProject
Global
	GlobalSection(SolutionConfigurationPlatforms) = preSolution
		Debug|x64 = Debug|x64
		Debug|x86 = Debug|x86
		Release|x64 = Release|x64
		Release|x86 = Release|x86
	EndGlobalSection
	GlobalSection(ProjectConfigurationPlatforms) = postSolution
		{D680B10A-6247-4D51-9C7D-1ABB8E240C1A}.Debug|x64.ActiveCfg = Debug|x64
		{D680B10A-6247-4D51-9C7D-1ABB8E240C1A}.Debug|x64.Build.0 = Debug|x64
		{D680B10A-6247-4D51-9C7D-1ABB8E240C1A}.Debug|x86.ActiveCfg = Debug|Win32
		{D680B10A-6247-4D51-9C7D-1ABB8E240C1A}.Debug|x86.Build.0 = Debug|Win32
		{D680B10A-6247-4D51-9C7D-1ABB8E240C1A}.Release|x64.ActiveCfg = Release|x64
		{D680B10A-6247-4D51-9C7D-1ABB8E240C1A}.Release|x64.Build.0 = Release|x64
		{D680B10A-6247-4D51-9C7D-1ABB8E240C1A}.Release|x86.ActiveCfg = Release|Win32
		{D680B10A-6247-4D51-9C7D-1ABB8E240C1A}.Release|x86.Build.0 = Release|Win32
	EndGlobalSection
	GlobalSection(SolutionProperties) = preSolution
		HideSolutionNode = FALSE
	EndGlobalSection
	GlobalSection(ExtensibilityGlobals) = postSolution
		SolutionGuid = {684D5056-74D2-44FA-9DEF-AF05E0D96DF9}
	EndGlobalSection
EndGlobal
